
Microsoft Visual Studio Solution File, Format Version 12.00
# Visual Studio 15
VisualStudioVersion = 15.0.27130.2027
MinimumVisualStudioVersion = 10.0.40219.1
Project("{FAE04EC0-301F-11D3-BF4B-00C04F79EFBC}") = "BL", "BL\BL.csproj", "{0121FC24-E9DD-482E-BB81-489D94710A26}"
EndProject
Project("{FAE04EC0-301F-11D3-BF4B-00C04F79EFBC}") = "DAL", "DAL\DAL.csproj", "{3042C4D5-5062-4029-B571-F66BF3839AA2}"
EndProject
Project("{FAE04EC0-301F-11D3-BF4B-00C04F79EFBC}") = "Domain", "Domain\Domain.csproj", "{97914871-385B-4A43-AA7E-DAFD0715AEB9}"
EndProject
Project("{FAE04EC0-301F-11D3-BF4B-00C04F79EFBC}") = "UI-MVC", "UI-MVC\UI-MVC.csproj", "{29D2F463-9D00-4FFD-AC1A-1579746F2B04}"
EndProject
Global
	GlobalSection(SolutionConfigurationPlatforms) = preSolution
		Debug|Any CPU = Debug|Any CPU
		Release|Any CPU = Release|Any CPU
	EndGlobalSection
	GlobalSection(ProjectConfigurationPlatforms) = postSolution
		{0121FC24-E9DD-482E-BB81-489D94710A26}.Debug|Any CPU.ActiveCfg = Debug|Any CPU
		{0121FC24-E9DD-482E-BB81-489D94710A26}.Debug|Any CPU.Build.0 = Debug|Any CPU
		{0121FC24-E9DD-482E-BB81-489D94710A26}.Release|Any CPU.ActiveCfg = Release|Any CPU
		{0121FC24-E9DD-482E-BB81-489D94710A26}.Release|Any CPU.Build.0 = Release|Any CPU
		{3042C4D5-5062-4029-B571-F66BF3839AA2}.Debug|Any CPU.ActiveCfg = Debug|Any CPU
		{3042C4D5-5062-4029-B571-F66BF3839AA2}.Debug|Any CPU.Build.0 = Debug|Any CPU
		{3042C4D5-5062-4029-B571-F66BF3839AA2}.Release|Any CPU.ActiveCfg = Release|Any CPU
		{3042C4D5-5062-4029-B571-F66BF3839AA2}.Release|Any CPU.Build.0 = Release|Any CPU
		{97914871-385B-4A43-AA7E-DAFD0715AEB9}.Debug|Any CPU.ActiveCfg = Debug|Any CPU
		{97914871-385B-4A43-AA7E-DAFD0715AEB9}.Debug|Any CPU.Build.0 = Debug|Any CPU
		{97914871-385B-4A43-AA7E-DAFD0715AEB9}.Release|Any CPU.ActiveCfg = Release|Any CPU
		{97914871-385B-4A43-AA7E-DAFD0715AEB9}.Release|Any CPU.Build.0 = Release|Any CPU
		{29D2F463-9D00-4FFD-AC1A-1579746F2B04}.Debug|Any CPU.ActiveCfg = Debug|Any CPU
		{29D2F463-9D00-4FFD-AC1A-1579746F2B04}.Debug|Any CPU.Build.0 = Debug|Any CPU
		{29D2F463-9D00-4FFD-AC1A-1579746F2B04}.Release|Any CPU.ActiveCfg = Release|Any CPU
		{29D2F463-9D00-4FFD-AC1A-1579746F2B04}.Release|Any CPU.Build.0 = Release|Any CPU
	EndGlobalSection
	GlobalSection(SolutionProperties) = preSolution
		HideSolutionNode = FALSE
	EndGlobalSection
	GlobalSection(ExtensibilityGlobals) = postSolution
		SolutionGuid = {7E0D3559-1432-4FEA-9432-17126CE53F54}
	EndGlobalSection
EndGlobal
